# This file was autogenerated by Stack.
# You should not edit this file by hand.
# For more information, please see the documentation at:
#   https://docs.haskellstack.org/en/stable/lock_files

packages:
- completed:
    hackage: free-algebras-0.0.8.1@sha256:2f57c2cc94bdd21aca7fe16a688eed6fa11e8ad1ac39e9674981f8806edb5ee3,2512
    pantry-tree:
      size: 1139
      sha256: 2f09e7482feae6557ca52ce4be94fff8412d5ced52fd287efcffbcb19fa2c6c3
  original:
    hackage: free-algebras-0.0.8.1
snapshots:
- completed:
    size: 488576
    url: https://raw.githubusercontent.com/commercialhaskell/stackage-snapshots/master/lts/15/0.yaml
    sha256: e4b6a87b47ec1cf63a7f1a0884a3b276fce2b0d174a10e8753c4f618e7983568
  original: lts-15.0
